<?xml version="1.0" encoding="utf-8"?>
<Project ToolsVersion="4.0" xmlns="http://schemas.microsoft.com/developer/msbuild/2003">
  <ItemGroup>
    <Filter Include="Source Files">
      <UniqueIdentifier>{4FC737F1-C7A5-4376-A066-2A32D752A2FF}</UniqueIdentifier>
      <Extensions>qml;cpp;c;cc;cxx;def;odl;idl;hpj;bat;asm;asmx</Extensions>
    </Filter>
    <Filter Include="Header Files">
      <UniqueIdentifier>{93995380-89BD-4b04-88EB-625FBE52EBFB}</UniqueIdentifier>
      <Extensions>h;hh;hpp;hxx;hm;inl;inc;xsd</Extensions>
    </Filter>
    <Filter Include="Resource Files">
      <UniqueIdentifier>{67DA6AB6-F800-4c08-8B7A-83BB121AAD01}</UniqueIdentifier>
      <Extensions>qrc;rc;ico;cur;bmp;dlg;rc2;rct;bin;rgs;gif;jpg;jpeg;jpe;resx;tiff;tif;png;wav;mfcribbon-ms</Extensions>
    </Filter>
    <Filter Include="Form Files">
      <UniqueIdentifier>{99349809-55BA-4b9d-BF79-8FDBB0286EB3}</UniqueIdentifier>
      <Extensions>ui</Extensions>
    </Filter>
    <Filter Include="lexer">
      <UniqueIdentifier>{A1B2C3D4-0001-0001-0001-000000000001}</UniqueIdentifier>
    </Filter>
    <Filter Include="ast">
      <UniqueIdentifier>{A1B2C3D4-0001-0001-0001-000000000002}</UniqueIdentifier>
    </Filter>
    <Filter Include="parser">
      <UniqueIdentifier>{A1B2C3D4-0001-0001-0001-000000000003}</UniqueIdentifier>
    </Filter>
    <Filter Include="interpreter">
      <UniqueIdentifier>{A1B2C3D4-0001-0001-0001-000000000004}</UniqueIdentifier>
    </Filter>
    <Filter Include="debug">
      <UniqueIdentifier>{A1B2C3D4-0001-0001-0001-000000000005}</UniqueIdentifier>
    </Filter>
    <Filter Include="gui">
      <UniqueIdentifier>{A1B2C3D4-0001-0001-0001-000000000006}</UniqueIdentifier>
    </Filter>
    <Filter Include="compiler">
      <UniqueIdentifier>{A1B2C3D4-0001-0001-0001-000000000007}</UniqueIdentifier>
    </Filter>
    <Filter Include="formatter">
      <UniqueIdentifier>{A1B2C3D4-0001-0001-0001-000000000008}</UniqueIdentifier>
    </Filter>
  </ItemGroup>
  <ItemGroup>
    <QtRcc Include="ide.qrc">
      <Filter>Resource Files</Filter>
    </QtRcc>
    <QtUic Include="ide.ui">
      <Filter>Form Files</Filter>
    </QtUic>
    <QtMoc Include="ide.h">
      <Filter>Header Files</Filter>
    </QtMoc>
    <QtMoc Include="debug\DebugController.h">
      <Filter>debug</Filter>
    </QtMoc>
    <QtMoc Include="gui\CodeEditor.h">
      <Filter>gui</Filter>
    </QtMoc>
    <QtMoc Include="gui\AstViewer.h">
      <Filter>gui</Filter>
    </QtMoc>
    <QtMoc Include="gui\OutputPanel.h">
      <Filter>gui</Filter>
    </QtMoc>
    <QtMoc Include="gui\DebugPanel.h">
      <Filter>gui</Filter>
    </QtMoc>
    <QtMoc Include="gui\SyntaxHighlighter.h">
      <Filter>gui</Filter>
    </QtMoc>
    <ClCompile Include="ide.cpp">
      <Filter>Source Files</Filter>
    </ClCompile>
    <ClCompile Include="main.cpp">
      <Filter>Source Files</Filter>
    </ClCompile>
    <ClCompile Include="lexer\Lexer.cpp">
      <Filter>lexer</Filter>
    </ClCompile>
    <ClCompile Include="ast\ASTNode.cpp">
      <Filter>ast</Filter>
    </ClCompile>
    <ClCompile Include="parser\Parser.cpp">
      <Filter>parser</Filter>
    </ClCompile>
    <ClCompile Include="interpreter\Environment.cpp">
      <Filter>interpreter</Filter>
    </ClCompile>
    <ClCompile Include="interpreter\Interpreter.cpp">
      <Filter>interpreter</Filter>
    </ClCompile>
    <ClCompile Include="debug\DebugController.cpp">
      <Filter>debug</Filter>
    </ClCompile>
    <ClCompile Include="gui\CodeEditor.cpp">
      <Filter>gui</Filter>
    </ClCompile>
    <ClCompile Include="gui\SyntaxHighlighter.cpp">
      <Filter>gui</Filter>
    </ClCompile>
    <ClCompile Include="gui\AstViewer.cpp">
      <Filter>gui</Filter>
    </ClCompile>
    <ClCompile Include="gui\OutputPanel.cpp">
      <Filter>gui</Filter>
    </ClCompile>
    <ClCompile Include="gui\DebugPanel.cpp">
      <Filter>gui</Filter>
    </ClCompile>
    <QtMoc Include="gui\ReplPanel.h">
      <Filter>gui</Filter>
    </QtMoc>
    <ClCompile Include="gui\ReplPanel.cpp">
      <Filter>gui</Filter>
    </ClCompile>
    <ClCompile Include="compiler\Compiler.cpp">
      <Filter>compiler</Filter>
    </ClCompile>
    <ClCompile Include="compiler\VM.cpp">
      <Filter>compiler</Filter>
    </ClCompile>
    <ClCompile Include="formatter\Formatter.cpp">
      <Filter>formatter</Filter>
    </ClCompile>
  </ItemGroup>
</Project>
